PODS:
  - Alamofire (4.8.1)
  - SwiftRestAPIClient (2.0.0):
    - Alamofire

DEPENDENCIES:
  - SwiftRestAPIClient (from `../`)

SPEC REPOS:
  https://github.com/cocoapods/specs.git:
    - Alamofire

EXTERNAL SOURCES:
  SwiftRestAPIClient:
    :path: "../"

SPEC CHECKSUMS:
  Alamofire: 16ce2c353fb72865124ddae8a57c5942388f4f11
  SwiftRestAPIClient: 1da7193fc0cc369657c9abe42adfe0f7fe14ee73

PODFILE CHECKSUM: 79db56fa76fc4ac04285b374b3245ac0754f9c30

COCOAPODS: 1.5.3
